// !$*UTF8*$!
{
	archiveVersion = 1;
	classes = {
	};
	objectVersion = 55;
	objects = {

/* Begin PBXBuildFile section */
		FD023FA5281E5F1E00B36ED5 /* ModalListRow.swift in Sources */ = {isa = PBXBuildFile; fileRef = FD023FA4281E5F1E00B36ED5 /* ModalListRow.swift */; };
		FD11EB502818F4EC00B486B1 /* LaunchScreen.storyboard in Resources */ = {isa = PBXBuildFile; fileRef = FD11EB4F2818F4EC00B486B1 /* LaunchScreen.storyboard */; };
		FD11EB522819C6F500B486B1 /* BatchDelete.swift in Sources */ = {isa = PBXBuildFile; fileRef = FD11EB512819C6F500B486B1 /* BatchDelete.swift */; };
		FD11EB572819EB9200B486B1 /* PlaceholderMod.swift in Sources */ = {isa = PBXBuildFile; fileRef = FD11EB562819EB9200B486B1 /* PlaceholderMod.swift */; };
		FD37E2CE2833439300FF1A51 /* CreateNewListView.swift in Sources */ = {isa = PBXBuildFile; fileRef = FD37E2CD2833439300FF1A51 /* CreateNewListView.swift */; };
		FD4372EA28138FD900B7D10D /* HistoryView.swift in Sources */ = {isa = PBXBuildFile; fileRef = FD4372E928138FD900B7D10D /* HistoryView.swift */; };
		FD4372F12814580A00B7D10D /* PersistenceController.swift in Sources */ = {isa = PBXBuildFile; fileRef = FD4372F02814580A00B7D10D /* PersistenceController.swift */; };
		FD4372F528145C4800B7D10D /* CalculationRow.swift in Sources */ = {isa = PBXBuildFile; fileRef = FD4372F428145C4800B7D10D /* CalculationRow.swift */; };
		FD4D9E8D27F6ABAC00941EA5 /* ShopperscalcApp.swift in Sources */ = {isa = PBXBuildFile; fileRef = FD4D9E8C27F6ABAC00941EA5 /* ShopperscalcApp.swift */; };
		FD4D9E8F27F6ABAC00941EA5 /* ContentView.swift in Sources */ = {isa = PBXBuildFile; fileRef = FD4D9E8E27F6ABAC00941EA5 /* ContentView.swift */; };
		FD4D9E9127F6ABAD00941EA5 /* Assets.xcassets in Resources */ = {isa = PBXBuildFile; fileRef = FD4D9E9027F6ABAD00941EA5 /* Assets.xcassets */; };
		FD4D9E9427F6ABAD00941EA5 /* Preview Assets.xcassets in Resources */ = {isa = PBXBuildFile; fileRef = FD4D9E9327F6ABAD00941EA5 /* Preview Assets.xcassets */; };
		FD4D9EA827F6ABAD00941EA5 /* ShopperscalcUITests.swift in Sources */ = {isa = PBXBuildFile; fileRef = FD4D9EA727F6ABAD00941EA5 /* ShopperscalcUITests.swift */; };
		FD4D9EAA27F6ABAD00941EA5 /* ShopperscalcUITestsLaunchTests.swift in Sources */ = {isa = PBXBuildFile; fileRef = FD4D9EA927F6ABAD00941EA5 /* ShopperscalcUITestsLaunchTests.swift */; };
		FD9C1CC0281BAE56003EA990 /* ListView.swift in Sources */ = {isa = PBXBuildFile; fileRef = FD9C1CBF281BAE56003EA990 /* ListView.swift */; };
		FD9C1CC2281BB1C1003EA990 /* AddToListView.swift in Sources */ = {isa = PBXBuildFile; fileRef = FD9C1CC1281BB1C1003EA990 /* AddToListView.swift */; };
		FD9C1CC9281C7061003EA990 /* ListVM.swift in Sources */ = {isa = PBXBuildFile; fileRef = FD9C1CC8281C7061003EA990 /* ListVM.swift */; };
		FD9C1CCB281C7418003EA990 /* ListRow.swift in Sources */ = {isa = PBXBuildFile; fileRef = FD9C1CCA281C7418003EA990 /* ListRow.swift */; };
		FD9C1CCD281CF684003EA990 /* ListCalculationsView.swift in Sources */ = {isa = PBXBuildFile; fileRef = FD9C1CCC281CF684003EA990 /* ListCalculationsView.swift */; };
		FD9C1CCF281DE105003EA990 /* ListCalculationRow.swift in Sources */ = {isa = PBXBuildFile; fileRef = FD9C1CCE281DE105003EA990 /* ListCalculationRow.swift */; };
		FDA48ABB2866881300DB299F /* Animation.swift in Sources */ = {isa = PBXBuildFile; fileRef = FDA48ABA2866881300DB299F /* Animation.swift */; };
		FDA48ABD28668B4700DB299F /* Color.swift in Sources */ = {isa = PBXBuildFile; fileRef = FDA48ABC28668B4700DB299F /* Color.swift */; };
		FDAF1CFF2823625F00821CDE /* CalculatorTests.swift in Sources */ = {isa = PBXBuildFile; fileRef = FDAF1CFE2823625F00821CDE /* CalculatorTests.swift */; };
		FDB9E9082835F57C00AECA5C /* Calculations.xcdatamodeld in Sources */ = {isa = PBXBuildFile; fileRef = FDB9E9062835F57C00AECA5C /* Calculations.xcdatamodeld */; };
		FDB9E90E2835F81F00AECA5C /* ListCalculation+CoreDataClass.swift in Sources */ = {isa = PBXBuildFile; fileRef = FDB9E90A2835F81F00AECA5C /* ListCalculation+CoreDataClass.swift */; };
		FDB9E90F2835F81F00AECA5C /* ListCalculation+CoreDataProperties.swift in Sources */ = {isa = PBXBuildFile; fileRef = FDB9E90B2835F81F00AECA5C /* ListCalculation+CoreDataProperties.swift */; };
		FDB9E9102835F81F00AECA5C /* ListName+CoreDataClass.swift in Sources */ = {isa = PBXBuildFile; fileRef = FDB9E90C2835F81F00AECA5C /* ListName+CoreDataClass.swift */; };
		FDB9E9112835F81F00AECA5C /* ListName+CoreDataProperties.swift in Sources */ = {isa = PBXBuildFile; fileRef = FDB9E90D2835F81F00AECA5C /* ListName+CoreDataProperties.swift */; };
		FDED2B8027FCB8300049953C /* CalculatorView.swift in Sources */ = {isa = PBXBuildFile; fileRef = FDED2B7F27FCB8300049953C /* CalculatorView.swift */; };
		FDED2B8227FCB84B0049953C /* CalculatorVM.swift in Sources */ = {isa = PBXBuildFile; fileRef = FDED2B8127FCB84B0049953C /* CalculatorVM.swift */; };
		FDED2B8427FCB89D0049953C /* NewTotalViewMod.swift in Sources */ = {isa = PBXBuildFile; fileRef = FDED2B8327FCB89D0049953C /* NewTotalViewMod.swift */; };
		FDED2B8627FCB8AB0049953C /* SmallViewsMod.swift in Sources */ = {isa = PBXBuildFile; fileRef = FDED2B8527FCB8AB0049953C /* SmallViewsMod.swift */; };
		FDED2B8827FCB8CD0049953C /* AccentIcons.swift in Sources */ = {isa = PBXBuildFile; fileRef = FDED2B8727FCB8CD0049953C /* AccentIcons.swift */; };
		FDED2B8A27FCB8DE0049953C /* HideKeyboard.swift in Sources */ = {isa = PBXBuildFile; fileRef = FDED2B8927FCB8DE0049953C /* HideKeyboard.swift */; };
/* End PBXBuildFile section */

/* Begin PBXContainerItemProxy section */
		FD4D9E9A27F6ABAD00941EA5 /* PBXContainerItemProxy */ = {
			isa = PBXContainerItemProxy;
			containerPortal = FD4D9E8127F6ABAC00941EA5 /* Project object */;
			proxyType = 1;
			remoteGlobalIDString = FD4D9E8827F6ABAC00941EA5;
			remoteInfo = Shopperscalc;
		};
		FD4D9EA427F6ABAD00941EA5 /* PBXContainerItemProxy */ = {
			isa = PBXContainerItemProxy;
			containerPortal = FD4D9E8127F6ABAC00941EA5 /* Project object */;
			proxyType = 1;
			remoteGlobalIDString = FD4D9E8827F6ABAC00941EA5;
			remoteInfo = Shopperscalc;
		};
/* End PBXContainerItemProxy section */

/* Begin PBXFileReference section */
		FD023FA4281E5F1E00B36ED5 /* ModalListRow.swift */ = {isa = PBXFileReference; lastKnownFileType = sourcecode.swift; path = ModalListRow.swift; sourceTree = "<group>"; };
		FD11EB4F2818F4EC00B486B1 /* LaunchScreen.storyboard */ = {isa = PBXFileReference; lastKnownFileType = file.storyboard; path = LaunchScreen.storyboard; sourceTree = "<group>"; };
		FD11EB512819C6F500B486B1 /* BatchDelete.swift */ = {isa = PBXFileReference; lastKnownFileType = sourcecode.swift; path = BatchDelete.swift; sourceTree = "<group>"; };
		FD11EB562819EB9200B486B1 /* PlaceholderMod.swift */ = {isa = PBXFileReference; lastKnownFileType = sourcecode.swift; path = PlaceholderMod.swift; sourceTree = "<group>"; };
		FD37E2CD2833439300FF1A51 /* CreateNewListView.swift */ = {isa = PBXFileReference; lastKnownFileType = sourcecode.swift; path = CreateNewListView.swift; sourceTree = "<group>"; };
		FD4372E928138FD900B7D10D /* HistoryView.swift */ = {isa = PBXFileReference; lastKnownFileType = sourcecode.swift; path = HistoryView.swift; sourceTree = "<group>"; };
		FD4372F02814580A00B7D10D /* PersistenceController.swift */ = {isa = PBXFileReference; lastKnownFileType = sourcecode.swift; path = PersistenceController.swift; sourceTree = "<group>"; };
		FD4372F428145C4800B7D10D /* CalculationRow.swift */ = {isa = PBXFileReference; lastKnownFileType = sourcecode.swift; path = CalculationRow.swift; sourceTree = "<group>"; };
		FD4D9E8927F6ABAC00941EA5 /* Shopperscalc.app */ = {isa = PBXFileReference; explicitFileType = wrapper.application; includeInIndex = 0; path = Shopperscalc.app; sourceTree = BUILT_PRODUCTS_DIR; };
		FD4D9E8C27F6ABAC00941EA5 /* ShopperscalcApp.swift */ = {isa = PBXFileReference; lastKnownFileType = sourcecode.swift; path = ShopperscalcApp.swift; sourceTree = "<group>"; };
		FD4D9E8E27F6ABAC00941EA5 /* ContentView.swift */ = {isa = PBXFileReference; lastKnownFileType = sourcecode.swift; path = ContentView.swift; sourceTree = "<group>"; };
		FD4D9E9027F6ABAD00941EA5 /* Assets.xcassets */ = {isa = PBXFileReference; lastKnownFileType = folder.assetcatalog; path = Assets.xcassets; sourceTree = "<group>"; };
		FD4D9E9327F6ABAD00941EA5 /* Preview Assets.xcassets */ = {isa = PBXFileReference; lastKnownFileType = folder.assetcatalog; path = "Preview Assets.xcassets"; sourceTree = "<group>"; };
		FD4D9E9927F6ABAD00941EA5 /* ShopperscalcTests.xctest */ = {isa = PBXFileReference; explicitFileType = wrapper.cfbundle; includeInIndex = 0; path = ShopperscalcTests.xctest; sourceTree = BUILT_PRODUCTS_DIR; };
		FD4D9EA327F6ABAD00941EA5 /* ShopperscalcUITests.xctest */ = {isa = PBXFileReference; explicitFileType = wrapper.cfbundle; includeInIndex = 0; path = ShopperscalcUITests.xctest; sourceTree = BUILT_PRODUCTS_DIR; };
		FD4D9EA727F6ABAD00941EA5 /* ShopperscalcUITests.swift */ = {isa = PBXFileReference; lastKnownFileType = sourcecode.swift; path = ShopperscalcUITests.swift; sourceTree = "<group>"; };
		FD4D9EA927F6ABAD00941EA5 /* ShopperscalcUITestsLaunchTests.swift */ = {isa = PBXFileReference; lastKnownFileType = sourcecode.swift; path = ShopperscalcUITestsLaunchTests.swift; sourceTree = "<group>"; };
		FD900077285EC87D00E03DF6 /* Calculations 3.xcdatamodel */ = {isa = PBXFileReference; lastKnownFileType = wrapper.xcdatamodel; path = "Calculations 3.xcdatamodel"; sourceTree = "<group>"; };
		FD9C1CBF281BAE56003EA990 /* ListView.swift */ = {isa = PBXFileReference; lastKnownFileType = sourcecode.swift; path = ListView.swift; sourceTree = "<group>"; };
		FD9C1CC1281BB1C1003EA990 /* AddToListView.swift */ = {isa = PBXFileReference; lastKnownFileType = sourcecode.swift; path = AddToListView.swift; sourceTree = "<group>"; };
		FD9C1CC8281C7061003EA990 /* ListVM.swift */ = {isa = PBXFileReference; lastKnownFileType = sourcecode.swift; path = ListVM.swift; sourceTree = "<group>"; };
		FD9C1CCA281C7418003EA990 /* ListRow.swift */ = {isa = PBXFileReference; lastKnownFileType = sourcecode.swift; path = ListRow.swift; sourceTree = "<group>"; };
		FD9C1CCC281CF684003EA990 /* ListCalculationsView.swift */ = {isa = PBXFileReference; lastKnownFileType = sourcecode.swift; path = ListCalculationsView.swift; sourceTree = "<group>"; };
		FD9C1CCE281DE105003EA990 /* ListCalculationRow.swift */ = {isa = PBXFileReference; lastKnownFileType = sourcecode.swift; path = ListCalculationRow.swift; sourceTree = "<group>"; };
		FDA48ABA2866881300DB299F /* Animation.swift */ = {isa = PBXFileReference; lastKnownFileType = sourcecode.swift; path = Animation.swift; sourceTree = "<group>"; };
		FDA48ABC28668B4700DB299F /* Color.swift */ = {isa = PBXFileReference; lastKnownFileType = sourcecode.swift; path = Color.swift; sourceTree = "<group>"; };
		FDAF1CFE2823625F00821CDE /* CalculatorTests.swift */ = {isa = PBXFileReference; lastKnownFileType = sourcecode.swift; path = CalculatorTests.swift; sourceTree = "<group>"; };
		FDB9E9072835F57C00AECA5C /* Calculations1.xcdatamodel */ = {isa = PBXFileReference; lastKnownFileType = wrapper.xcdatamodel; path = Calculations1.xcdatamodel; sourceTree = "<group>"; };
		FDB9E90A2835F81F00AECA5C /* ListCalculation+CoreDataClass.swift */ = {isa = PBXFileReference; lastKnownFileType = sourcecode.swift; path = "ListCalculation+CoreDataClass.swift"; sourceTree = SOURCE_ROOT; };
		FDB9E90B2835F81F00AECA5C /* ListCalculation+CoreDataProperties.swift */ = {isa = PBXFileReference; lastKnownFileType = sourcecode.swift; path = "ListCalculation+CoreDataProperties.swift"; sourceTree = SOURCE_ROOT; };
		FDB9E90C2835F81F00AECA5C /* ListName+CoreDataClass.swift */ = {isa = PBXFileReference; lastKnownFileType = sourcecode.swift; path = "ListName+CoreDataClass.swift"; sourceTree = SOURCE_ROOT; };
		FDB9E90D2835F81F00AECA5C /* ListName+CoreDataProperties.swift */ = {isa = PBXFileReference; lastKnownFileType = sourcecode.swift; path = "ListName+CoreDataProperties.swift"; sourceTree = SOURCE_ROOT; };
		FDE2812D284D55D100FD1157 /* Calculations 2.xcdatamodel */ = {isa = PBXFileReference; lastKnownFileType = wrapper.xcdatamodel; path = "Calculations 2.xcdatamodel"; sourceTree = "<group>"; };
		FDED2B7F27FCB8300049953C /* CalculatorView.swift */ = {isa = PBXFileReference; lastKnownFileType = sourcecode.swift; path = CalculatorView.swift; sourceTree = "<group>"; };
		FDED2B8127FCB84B0049953C /* CalculatorVM.swift */ = {isa = PBXFileReference; lastKnownFileType = sourcecode.swift; path = CalculatorVM.swift; sourceTree = "<group>"; };
		FDED2B8327FCB89D0049953C /* NewTotalViewMod.swift */ = {isa = PBXFileReference; lastKnownFileType = sourcecode.swift; path = NewTotalViewMod.swift; sourceTree = "<group>"; };
		FDED2B8527FCB8AB0049953C /* SmallViewsMod.swift */ = {isa = PBXFileReference; lastKnownFileType = sourcecode.swift; path = SmallViewsMod.swift; sourceTree = "<group>"; };
		FDED2B8727FCB8CD0049953C /* AccentIcons.swift */ = {isa = PBXFileReference; lastKnownFileType = sourcecode.swift; path = AccentIcons.swift; sourceTree = "<group>"; };
		FDED2B8927FCB8DE0049953C /* HideKeyboard.swift */ = {isa = PBXFileReference; lastKnownFileType = sourcecode.swift; path = HideKeyboard.swift; sourceTree = "<group>"; };
/* End PBXFileReference section */

/* Begin PBXFrameworksBuildPhase section */
		FD4D9E8627F6ABAC00941EA5 /* Frameworks */ = {
			isa = PBXFrameworksBuildPhase;
			buildActionMask = 2147483647;
			files = (
			);
			runOnlyForDeploymentPostprocessing = 0;
		};
		FD4D9E9627F6ABAD00941EA5 /* Frameworks */ = {
			isa = PBXFrameworksBuildPhase;
			buildActionMask = 2147483647;
			files = (
			);
			runOnlyForDeploymentPostprocessing = 0;
		};
		FD4D9EA027F6ABAD00941EA5 /* Frameworks */ = {
			isa = PBXFrameworksBuildPhase;
			buildActionMask = 2147483647;
			files = (
			);
			runOnlyForDeploymentPostprocessing = 0;
		};
/* End PBXFrameworksBuildPhase section */

/* Begin PBXGroup section */
		FD023FA3281E59E000B36ED5 /* Modal */ = {
			isa = PBXGroup;
			children = (
				FD37E2CD2833439300FF1A51 /* CreateNewListView.swift */,
				FD9C1CC1281BB1C1003EA990 /* AddToListView.swift */,
				FD023FA4281E5F1E00B36ED5 /* ModalListRow.swift */,
			);
			path = Modal;
			sourceTree = "<group>";
		};
		FD11EB532819C9FA00B486B1 /* Extensions */ = {
			isa = PBXGroup;
			children = (
				FDED2B8927FCB8DE0049953C /* HideKeyboard.swift */,
				FDA48ABA2866881300DB299F /* Animation.swift */,
				FDA48ABC28668B4700DB299F /* Color.swift */,
			);
			name = Extensions;
			path = "Keyboard Ext/Extensions";
			sourceTree = "<group>";
		};
		FD4372F22814583300B7D10D /* Persistence */ = {
			isa = PBXGroup;
			children = (
				FDB9E9062835F57C00AECA5C /* Calculations.xcdatamodeld */,
				FD4372F02814580A00B7D10D /* PersistenceController.swift */,
				FDB9E90A2835F81F00AECA5C /* ListCalculation+CoreDataClass.swift */,
				FDB9E90B2835F81F00AECA5C /* ListCalculation+CoreDataProperties.swift */,
				FDB9E90C2835F81F00AECA5C /* ListName+CoreDataClass.swift */,
				FDB9E90D2835F81F00AECA5C /* ListName+CoreDataProperties.swift */,
				FD11EB512819C6F500B486B1 /* BatchDelete.swift */,
			);
			path = Persistence;
			sourceTree = "<group>";
		};
		FD4D9E8027F6ABAC00941EA5 = {
			isa = PBXGroup;
			children = (
				FD4D9E8B27F6ABAC00941EA5 /* Shopperscalc */,
				FD4D9E9C27F6ABAD00941EA5 /* ShopperscalcTests */,
				FD4D9EA627F6ABAD00941EA5 /* ShopperscalcUITests */,
				FD4D9E8A27F6ABAC00941EA5 /* Products */,
			);
			sourceTree = "<group>";
		};
		FD4D9E8A27F6ABAC00941EA5 /* Products */ = {
			isa = PBXGroup;
			children = (
				FD4D9E8927F6ABAC00941EA5 /* Shopperscalc.app */,
				FD4D9E9927F6ABAD00941EA5 /* ShopperscalcTests.xctest */,
				FD4D9EA327F6ABAD00941EA5 /* ShopperscalcUITests.xctest */,
			);
			name = Products;
			sourceTree = "<group>";
		};
		FD4D9E8B27F6ABAC00941EA5 /* Shopperscalc */ = {
			isa = PBXGroup;
			children = (
				FD11EB4F2818F4EC00B486B1 /* LaunchScreen.storyboard */,
				FD4D9E8C27F6ABAC00941EA5 /* ShopperscalcApp.swift */,
				FD4D9E8E27F6ABAC00941EA5 /* ContentView.swift */,
				FD9C1CC5281BB206003EA990 /* Calculator */,
				FD9C1CC4281BB1ED003EA990 /* History */,
				FD9C1CC3281BB1D2003EA990 /* List */,
				FD4372F22814583300B7D10D /* Persistence */,
				FD11EB532819C9FA00B486B1 /* Extensions */,
				FD4D9E9027F6ABAD00941EA5 /* Assets.xcassets */,
				FD4D9E9227F6ABAD00941EA5 /* Preview Content */,
			);
			path = Shopperscalc;
			sourceTree = "<group>";
		};
		FD4D9E9227F6ABAD00941EA5 /* Preview Content */ = {
			isa = PBXGroup;
			children = (
				FD4D9E9327F6ABAD00941EA5 /* Preview Assets.xcassets */,
			);
			path = "Preview Content";
			sourceTree = "<group>";
		};
		FD4D9E9C27F6ABAD00941EA5 /* ShopperscalcTests */ = {
			isa = PBXGroup;
			children = (
				FDAF1CFE2823625F00821CDE /* CalculatorTests.swift */,
			);
			path = ShopperscalcTests;
			sourceTree = "<group>";
		};
		FD4D9EA627F6ABAD00941EA5 /* ShopperscalcUITests */ = {
			isa = PBXGroup;
			children = (
				FD4D9EA727F6ABAD00941EA5 /* ShopperscalcUITests.swift */,
				FD4D9EA927F6ABAD00941EA5 /* ShopperscalcUITestsLaunchTests.swift */,
			);
			path = ShopperscalcUITests;
			sourceTree = "<group>";
		};
		FD8917172808A00F00498E4D /* ViewModifiers */ = {
			isa = PBXGroup;
			children = (
				FDED2B8327FCB89D0049953C /* NewTotalViewMod.swift */,
				FDED2B8527FCB8AB0049953C /* SmallViewsMod.swift */,
				FDED2B8727FCB8CD0049953C /* AccentIcons.swift */,
				FD11EB562819EB9200B486B1 /* PlaceholderMod.swift */,
			);
			path = ViewModifiers;
			sourceTree = "<group>";
		};
		FD9C1CC3281BB1D2003EA990 /* List */ = {
			isa = PBXGroup;
			children = (
				FD9C1CCA281C7418003EA990 /* ListRow.swift */,
				FD9C1CBF281BAE56003EA990 /* ListView.swift */,
				FD9C1CC8281C7061003EA990 /* ListVM.swift */,
				FD9C1CCC281CF684003EA990 /* ListCalculationsView.swift */,
				FD9C1CCE281DE105003EA990 /* ListCalculationRow.swift */,
				FD023FA3281E59E000B36ED5 /* Modal */,
			);
			path = List;
			sourceTree = "<group>";
		};
		FD9C1CC4281BB1ED003EA990 /* History */ = {
			isa = PBXGroup;
			children = (
				FD4372E928138FD900B7D10D /* HistoryView.swift */,
				FD4372F428145C4800B7D10D /* CalculationRow.swift */,
			);
			path = History;
			sourceTree = "<group>";
		};
		FD9C1CC5281BB206003EA990 /* Calculator */ = {
			isa = PBXGroup;
			children = (
				FDED2B7F27FCB8300049953C /* CalculatorView.swift */,
				FDED2B8127FCB84B0049953C /* CalculatorVM.swift */,
				FD8917172808A00F00498E4D /* ViewModifiers */,
			);
			path = Calculator;
			sourceTree = "<group>";
		};
/* End PBXGroup section */

/* Begin PBXNativeTarget section */
		FD4D9E8827F6ABAC00941EA5 /* Shopperscalc */ = {
			isa = PBXNativeTarget;
			buildConfigurationList = FD4D9EAD27F6ABAD00941EA5 /* Build configuration list for PBXNativeTarget "Shopperscalc" */;
			buildPhases = (
				FD4D9E8527F6ABAC00941EA5 /* Sources */,
				FD4D9E8627F6ABAC00941EA5 /* Frameworks */,
				FD4D9E8727F6ABAC00941EA5 /* Resources */,
			);
			buildRules = (
			);
			dependencies = (
			);
			name = Shopperscalc;
			productName = Shopperscalc;
			productReference = FD4D9E8927F6ABAC00941EA5 /* Shopperscalc.app */;
			productType = "com.apple.product-type.application";
		};
		FD4D9E9827F6ABAD00941EA5 /* ShopperscalcTests */ = {
			isa = PBXNativeTarget;
			buildConfigurationList = FD4D9EB027F6ABAD00941EA5 /* Build configuration list for PBXNativeTarget "ShopperscalcTests" */;
			buildPhases = (
				FD4D9E9527F6ABAD00941EA5 /* Sources */,
				FD4D9E9627F6ABAD00941EA5 /* Frameworks */,
				FD4D9E9727F6ABAD00941EA5 /* Resources */,
			);
			buildRules = (
			);
			dependencies = (
				FD4D9E9B27F6ABAD00941EA5 /* PBXTargetDependency */,
			);
			name = ShopperscalcTests;
			productName = ShopperscalcTests;
			productReference = FD4D9E9927F6ABAD00941EA5 /* ShopperscalcTests.xctest */;
			productType = "com.apple.product-type.bundle.unit-test";
		};
		FD4D9EA227F6ABAD00941EA5 /* ShopperscalcUITests */ = {
			isa = PBXNativeTarget;
			buildConfigurationList = FD4D9EB327F6ABAD00941EA5 /* Build configuration list for PBXNativeTarget "ShopperscalcUITests" */;
			buildPhases = (
				FD4D9E9F27F6ABAD00941EA5 /* Sources */,
				FD4D9EA027F6ABAD00941EA5 /* Frameworks */,
				FD4D9EA127F6ABAD00941EA5 /* Resources */,
			);
			buildRules = (
			);
			dependencies = (
				FD4D9EA527F6ABAD00941EA5 /* PBXTargetDependency */,
			);
			name = ShopperscalcUITests;
			productName = ShopperscalcUITests;
			productReference = FD4D9EA327F6ABAD00941EA5 /* ShopperscalcUITests.xctest */;
			productType = "com.apple.product-type.bundle.ui-testing";
		};
/* End PBXNativeTarget section */

/* Begin PBXProject section */
		FD4D9E8127F6ABAC00941EA5 /* Project object */ = {
			isa = PBXProject;
			attributes = {
				BuildIndependentTargetsInParallel = 1;
				LastSwiftUpdateCheck = 1330;
				LastUpgradeCheck = 1330;
				TargetAttributes = {
					FD4D9E8827F6ABAC00941EA5 = {
						CreatedOnToolsVersion = 13.3;
					};
					FD4D9E9827F6ABAD00941EA5 = {
						CreatedOnToolsVersion = 13.3;
						TestTargetID = FD4D9E8827F6ABAC00941EA5;
					};
					FD4D9EA227F6ABAD00941EA5 = {
						CreatedOnToolsVersion = 13.3;
						TestTargetID = FD4D9E8827F6ABAC00941EA5;
					};
				};
			};
			buildConfigurationList = FD4D9E8427F6ABAC00941EA5 /* Build configuration list for PBXProject "Shopperscalc" */;
			compatibilityVersion = "Xcode 13.0";
			developmentRegion = en;
			hasScannedForEncodings = 0;
			knownRegions = (
				en,
				Base,
			);
			mainGroup = FD4D9E8027F6ABAC00941EA5;
			productRefGroup = FD4D9E8A27F6ABAC00941EA5 /* Products */;
			projectDirPath = "";
			projectRoot = "";
			targets = (
				FD4D9E8827F6ABAC00941EA5 /* Shopperscalc */,
				FD4D9E9827F6ABAD00941EA5 /* ShopperscalcTests */,
				FD4D9EA227F6ABAD00941EA5 /* ShopperscalcUITests */,
			);
		};
/* End PBXProject section */

/* Begin PBXResourcesBuildPhase section */
		FD4D9E8727F6ABAC00941EA5 /* Resources */ = {
			isa = PBXResourcesBuildPhase;
			buildActionMask = 2147483647;
			files = (
				FD11EB502818F4EC00B486B1 /* LaunchScreen.storyboard in Resources */,
				FD4D9E9427F6ABAD00941EA5 /* Preview Assets.xcassets in Resources */,
				FD4D9E9127F6ABAD00941EA5 /* Assets.xcassets in Resources */,
			);
			runOnlyForDeploymentPostprocessing = 0;
		};
		FD4D9E9727F6ABAD00941EA5 /* Resources */ = {
			isa = PBXResourcesBuildPhase;
			buildActionMask = 2147483647;
			files = (
			);
			runOnlyForDeploymentPostprocessing = 0;
		};
		FD4D9EA127F6ABAD00941EA5 /* Resources */ = {
			isa = PBXResourcesBuildPhase;
			buildActionMask = 2147483647;
			files = (
			);
			runOnlyForDeploymentPostprocessing = 0;
		};
/* End PBXResourcesBuildPhase section */

/* Begin PBXSourcesBuildPhase section */
		FD4D9E8527F6ABAC00941EA5 /* Sources */ = {
			isa = PBXSourcesBuildPhase;
			buildActionMask = 2147483647;
			files = (
				FDED2B8A27FCB8DE0049953C /* HideKeyboard.swift in Sources */,
				FD9C1CC2281BB1C1003EA990 /* AddToListView.swift in Sources */,
				FD4D9E8F27F6ABAC00941EA5 /* ContentView.swift in Sources */,
				FD9C1CC0281BAE56003EA990 /* ListView.swift in Sources */,
				FD4372F528145C4800B7D10D /* CalculationRow.swift in Sources */,
				FDED2B8427FCB89D0049953C /* NewTotalViewMod.swift in Sources */,
				FDED2B8027FCB8300049953C /* CalculatorView.swift in Sources */,
				FDA48ABB2866881300DB299F /* Animation.swift in Sources */,
				FD11EB522819C6F500B486B1 /* BatchDelete.swift in Sources */,
				FDA48ABD28668B4700DB299F /* Color.swift in Sources */,
				FDB9E9082835F57C00AECA5C /* Calculations.xcdatamodeld in Sources */,
				FD37E2CE2833439300FF1A51 /* CreateNewListView.swift in Sources */,
				FDED2B8827FCB8CD0049953C /* AccentIcons.swift in Sources */,
				FDED2B8627FCB8AB0049953C /* SmallViewsMod.swift in Sources */,
				FD9C1CC9281C7061003EA990 /* ListVM.swift in Sources */,
				FDB9E9102835F81F00AECA5C /* ListName+CoreDataClass.swift in Sources */,
				FDB9E90E2835F81F00AECA5C /* ListCalculation+CoreDataClass.swift in Sources */,
				FD11EB572819EB9200B486B1 /* PlaceholderMod.swift in Sources */,
				FDED2B8227FCB84B0049953C /* CalculatorVM.swift in Sources */,
				FD9C1CCB281C7418003EA990 /* ListRow.swift in Sources */,
				FD4372EA28138FD900B7D10D /* HistoryView.swift in Sources */,
				FD9C1CCF281DE105003EA990 /* ListCalculationRow.swift in Sources */,
				FD4372F12814580A00B7D10D /* PersistenceController.swift in Sources */,
				FD9C1CCD281CF684003EA990 /* ListCalculationsView.swift in Sources */,
				FDB9E90F2835F81F00AECA5C /* ListCalculation+CoreDataProperties.swift in Sources */,
				FDB9E9112835F81F00AECA5C /* ListName+CoreDataProperties.swift in Sources */,
				FD023FA5281E5F1E00B36ED5 /* ModalListRow.swift in Sources */,
				FD4D9E8D27F6ABAC00941EA5 /* ShopperscalcApp.swift in Sources */,
			);
			runOnlyForDeploymentPostprocessing = 0;
		};
		FD4D9E9527F6ABAD00941EA5 /* Sources */ = {
			isa = PBXSourcesBuildPhase;
			buildActionMask = 2147483647;
			files = (
				FDAF1CFF2823625F00821CDE /* CalculatorTests.swift in Sources */,
			);
			runOnlyForDeploymentPostprocessing = 0;
		};
		FD4D9E9F27F6ABAD00941EA5 /* Sources */ = {
			isa = PBXSourcesBuildPhase;
			buildActionMask = 2147483647;
			files = (
				FD4D9EA827F6ABAD00941EA5 /* ShopperscalcUITests.swift in Sources */,
				FD4D9EAA27F6ABAD00941EA5 /* ShopperscalcUITestsLaunchTests.swift in Sources */,
			);
			runOnlyForDeploymentPostprocessing = 0;
		};
/* End PBXSourcesBuildPhase section */

/* Begin PBXTargetDependency section */
		FD4D9E9B27F6ABAD00941EA5 /* PBXTargetDependency */ = {
			isa = PBXTargetDependency;
			target = FD4D9E8827F6ABAC00941EA5 /* Shopperscalc */;
			targetProxy = FD4D9E9A27F6ABAD00941EA5 /* PBXContainerItemProxy */;
		};
		FD4D9EA527F6ABAD00941EA5 /* PBXTargetDependency */ = {
			isa = PBXTargetDependency;
			target = FD4D9E8827F6ABAC00941EA5 /* Shopperscalc */;
			targetProxy = FD4D9EA427F6ABAD00941EA5 /* PBXContainerItemProxy */;
		};
/* End PBXTargetDependency section */

/* Begin XCBuildConfiguration section */
		FD4D9EAB27F6ABAD00941EA5 /* Debug */ = {
			isa = XCBuildConfiguration;
			buildSettings = {
				ALWAYS_SEARCH_USER_PATHS = NO;
				CLANG_ANALYZER_NONNULL = YES;
				CLANG_ANALYZER_NUMBER_OBJECT_CONVERSION = YES_AGGRESSIVE;
				CLANG_CXX_LANGUAGE_STANDARD = "gnu++17";
				CLANG_ENABLE_MODULES = YES;
				CLANG_ENABLE_OBJC_ARC = YES;
				CLANG_ENABLE_OBJC_WEAK = YES;
				CLANG_WARN_BLOCK_CAPTURE_AUTORELEASING = YES;
				CLANG_WARN_BOOL_CONVERSION = YES;
				CLANG_WARN_COMMA = YES;
				CLANG_WARN_CONSTANT_CONVERSION = YES;
				CLANG_WARN_DEPRECATED_OBJC_IMPLEMENTATIONS = YES;
				CLANG_WARN_DIRECT_OBJC_ISA_USAGE = YES_ERROR;
				CLANG_WARN_DOCUMENTATION_COMMENTS = YES;
				CLANG_WARN_EMPTY_BODY = YES;
				CLANG_WARN_ENUM_CONVERSION = YES;
				CLANG_WARN_INFINITE_RECURSION = YES;
				CLANG_WARN_INT_CONVERSION = YES;
				CLANG_WARN_NON_LITERAL_NULL_CONVERSION = YES;
				CLANG_WARN_OBJC_IMPLICIT_RETAIN_SELF = YES;
				CLANG_WARN_OBJC_LITERAL_CONVERSION = YES;
				CLANG_WARN_OBJC_ROOT_CLASS = YES_ERROR;
				CLANG_WARN_QUOTED_INCLUDE_IN_FRAMEWORK_HEADER = YES;
				CLANG_WARN_RANGE_LOOP_ANALYSIS = YES;
				CLANG_WARN_STRICT_PROTOTYPES = YES;
				CLANG_WARN_SUSPICIOUS_MOVE = YES;
				CLANG_WARN_UNGUARDED_AVAILABILITY = YES_AGGRESSIVE;
				CLANG_WARN_UNREACHABLE_CODE = YES;
				CLANG_WARN__DUPLICATE_METHOD_MATCH = YES;
				COPY_PHASE_STRIP = NO;
				DEBUG_INFORMATION_FORMAT = dwarf;
				ENABLE_STRICT_OBJC_MSGSEND = YES;
				ENABLE_TESTABILITY = YES;
				GCC_C_LANGUAGE_STANDARD = gnu11;
				GCC_DYNAMIC_NO_PIC = NO;
				GCC_NO_COMMON_BLOCKS = YES;
				GCC_OPTIMIZATION_LEVEL = 0;
				GCC_PREPROCESSOR_DEFINITIONS = (
					"DEBUG=1",
					"$(inherited)",
				);
				GCC_WARN_64_TO_32_BIT_CONVERSION = YES;
				GCC_WARN_ABOUT_RETURN_TYPE = YES_ERROR;
				GCC_WARN_UNDECLARED_SELECTOR = YES;
				GCC_WARN_UNINITIALIZED_AUTOS = YES_AGGRESSIVE;
				GCC_WARN_UNUSED_FUNCTION = YES;
				GCC_WARN_UNUSED_VARIABLE = YES;
				IPHONEOS_DEPLOYMENT_TARGET = 15.4;
				MTL_ENABLE_DEBUG_INFO = INCLUDE_SOURCE;
				MTL_FAST_MATH = YES;
				ONLY_ACTIVE_ARCH = YES;
				SDKROOT = iphoneos;
				SWIFT_ACTIVE_COMPILATION_CONDITIONS = DEBUG;
				SWIFT_OPTIMIZATION_LEVEL = "-Onone";
			};
			name = Debug;
		};
		FD4D9EAC27F6ABAD00941EA5 /* Release */ = {
			isa = XCBuildConfiguration;
			buildSettings = {
				ALWAYS_SEARCH_USER_PATHS = NO;
				CLANG_ANALYZER_NONNULL = YES;
				CLANG_ANALYZER_NUMBER_OBJECT_CONVERSION = YES_AGGRESSIVE;
				CLANG_CXX_LANGUAGE_STANDARD = "gnu++17";
				CLANG_ENABLE_MODULES = YES;
				CLANG_ENABLE_OBJC_ARC = YES;
				CLANG_ENABLE_OBJC_WEAK = YES;
				CLANG_WARN_BLOCK_CAPTURE_AUTORELEASING = YES;
				CLANG_WARN_BOOL_CONVERSION = YES;
				CLANG_WARN_COMMA = YES;
				CLANG_WARN_CONSTANT_CONVERSION = YES;
				CLANG_WARN_DEPRECATED_OBJC_IMPLEMENTATIONS = YES;
				CLANG_WARN_DIRECT_OBJC_ISA_USAGE = YES_ERROR;
				CLANG_WARN_DOCUMENTATION_COMMENTS = YES;
				CLANG_WARN_EMPTY_BODY = YES;
				CLANG_WARN_ENUM_CONVERSION = YES;
				CLANG_WARN_INFINITE_RECURSION = YES;
				CLANG_WARN_INT_CONVERSION = YES;
				CLANG_WARN_NON_LITERAL_NULL_CONVERSION = YES;
				CLANG_WARN_OBJC_IMPLICIT_RETAIN_SELF = YES;
				CLANG_WARN_OBJC_LITERAL_CONVERSION = YES;
				CLANG_WARN_OBJC_ROOT_CLASS = YES_ERROR;
				CLANG_WARN_QUOTED_INCLUDE_IN_FRAMEWORK_HEADER = YES;
				CLANG_WARN_RANGE_LOOP_ANALYSIS = YES;
				CLANG_WARN_STRICT_PROTOTYPES = YES;
				CLANG_WARN_SUSPICIOUS_MOVE = YES;
				CLANG_WARN_UNGUARDED_AVAILABILITY = YES_AGGRESSIVE;
				CLANG_WARN_UNREACHABLE_CODE = YES;
				CLANG_WARN__DUPLICATE_METHOD_MATCH = YES;
				COPY_PHASE_STRIP = NO;
				DEBUG_INFORMATION_FORMAT = "dwarf-with-dsym";
				ENABLE_NS_ASSERTIONS = NO;
				ENABLE_STRICT_OBJC_MSGSEND = YES;
				GCC_C_LANGUAGE_STANDARD = gnu11;
				GCC_NO_COMMON_BLOCKS = YES;
				GCC_WARN_64_TO_32_BIT_CONVERSION = YES;
				GCC_WARN_ABOUT_RETURN_TYPE = YES_ERROR;
				GCC_WARN_UNDECLARED_SELECTOR = YES;
				GCC_WARN_UNINITIALIZED_AUTOS = YES_AGGRESSIVE;
				GCC_WARN_UNUSED_FUNCTION = YES;
				GCC_WARN_UNUSED_VARIABLE = YES;
				IPHONEOS_DEPLOYMENT_TARGET = 15.4;
				MTL_ENABLE_DEBUG_INFO = NO;
				MTL_FAST_MATH = YES;
				SDKROOT = iphoneos;
				SWIFT_COMPILATION_MODE = wholemodule;
				SWIFT_OPTIMIZATION_LEVEL = "-O";
				VALIDATE_PRODUCT = YES;
			};
			name = Release;
		};
		FD4D9EAE27F6ABAD00941EA5 /* Debug */ = {
			isa = XCBuildConfiguration;
			buildSettings = {
				ASSETCATALOG_COMPILER_APPICON_NAME = AppIcon;
				ASSETCATALOG_COMPILER_GLOBAL_ACCENT_COLOR_NAME = AccentColor;
				CODE_SIGN_STYLE = Automatic;
				CURRENT_PROJECT_VERSION = 4;
				DEVELOPMENT_ASSET_PATHS = "\"Shopperscalc/Preview Content\"";
				DEVELOPMENT_TEAM = 6BTL57MS6F;
				ENABLE_PREVIEWS = YES;
				GENERATE_INFOPLIST_FILE = YES;
				INFOPLIST_KEY_CFBundleDisplayName = Shopperscalc;
				INFOPLIST_KEY_LSApplicationCategoryType = "public.app-category.finance";
				INFOPLIST_KEY_UIApplicationSceneManifest_Generation = YES;
				INFOPLIST_KEY_UIApplicationSupportsIndirectInputEvents = YES;
				INFOPLIST_KEY_UILaunchScreen_Generation = YES;
				INFOPLIST_KEY_UILaunchStoryboardName = LaunchScreen.storyboard;
				INFOPLIST_KEY_UISupportedInterfaceOrientations = "UIInterfaceOrientationPortrait UIInterfaceOrientationPortraitUpsideDown";
				INFOPLIST_KEY_UISupportedInterfaceOrientations_iPad = "UIInterfaceOrientationPortrait UIInterfaceOrientationPortraitUpsideDown UIInterfaceOrientationLandscapeLeft UIInterfaceOrientationLandscapeRight";
				INFOPLIST_KEY_UISupportedInterfaceOrientations_iPhone = "UIInterfaceOrientationPortrait UIInterfaceOrientationLandscapeLeft UIInterfaceOrientationLandscapeRight";
				LD_RUNPATH_SEARCH_PATHS = (
					"$(inherited)",
					"@executable_path/Frameworks",
				);
				MARKETING_VERSION = 2.0.0;
				PRODUCT_BUNDLE_IDENTIFIER = alexdiaz.Shopperscalc;
				PRODUCT_NAME = "$(TARGET_NAME)";
				SWIFT_EMIT_LOC_STRINGS = YES;
				SWIFT_VERSION = 5.0;
				TARGETED_DEVICE_FAMILY = 1;
			};
			name = Debug;
		};
		FD4D9EAF27F6ABAD00941EA5 /* Release */ = {
			isa = XCBuildConfiguration;
			buildSettings = {
				ASSETCATALOG_COMPILER_APPICON_NAME = AppIcon;
				ASSETCATALOG_COMPILER_GLOBAL_ACCENT_COLOR_NAME = AccentColor;
				CODE_SIGN_STYLE = Automatic;
				CURRENT_PROJECT_VERSION = 4;
				DEVELOPMENT_ASSET_PATHS = "\"Shopperscalc/Preview Content\"";
				DEVELOPMENT_TEAM = 6BTL57MS6F;
				ENABLE_PREVIEWS = YES;
				GENERATE_INFOPLIST_FILE = YES;
				INFOPLIST_KEY_CFBundleDisplayName = Shopperscalc;
				INFOPLIST_KEY_LSApplicationCategoryType = "public.app-category.finance";
				INFOPLIST_KEY_UIApplicationSceneManifest_Generation = YES;
				INFOPLIST_KEY_UIApplicationSupportsIndirectInputEvents = YES;
				INFOPLIST_KEY_UILaunchScreen_Generation = YES;
				INFOPLIST_KEY_UILaunchStoryboardName = LaunchScreen.storyboard;
				INFOPLIST_KEY_UISupportedInterfaceOrientations = "UIInterfaceOrientationPortrait UIInterfaceOrientationPortraitUpsideDown";
				INFOPLIST_KEY_UISupportedInterfaceOrientations_iPad = "UIInterfaceOrientationPortrait UIInterfaceOrientationPortraitUpsideDown UIInterfaceOrientationLandscapeLeft UIInterfaceOrientationLandscapeRight";
				INFOPLIST_KEY_UISupportedInterfaceOrientations_iPhone = "UIInterfaceOrientationPortrait UIInterfaceOrientationLandscapeLeft UIInterfaceOrientationLandscapeRight";
				LD_RUNPATH_SEARCH_PATHS = (
					"$(inherited)",
					"@executable_path/Frameworks",
				);
				MARKETING_VERSION = 2.0.0;
				PRODUCT_BUNDLE_IDENTIFIER = alexdiaz.Shopperscalc;
				PRODUCT_NAME = "$(TARGET_NAME)";
				SWIFT_EMIT_LOC_STRINGS = YES;
				SWIFT_VERSION = 5.0;
				TARGETED_DEVICE_FAMILY = 1;
			};
			name = Release;
		};
		FD4D9EB127F6ABAD00941EA5 /* Debug */ = {
			isa = XCBuildConfiguration;
			buildSettings = {
				ALWAYS_EMBED_SWIFT_STANDARD_LIBRARIES = YES;
				BUNDLE_LOADER = "$(TEST_HOST)";
				CODE_SIGN_STYLE = Automatic;
				CURRENT_PROJECT_VERSION = 1;
				DEVELOPMENT_TEAM = 6BTL57MS6F;
				GENERATE_INFOPLIST_FILE = YES;
				IPHONEOS_DEPLOYMENT_TARGET = 15.4;
				MARKETING_VERSION = 1.0;
				PRODUCT_BUNDLE_IDENTIFIER = alexdiaz.ShopperscalcTests;
				PRODUCT_NAME = "$(TARGET_NAME)";
				SWIFT_EMIT_LOC_STRINGS = NO;
				SWIFT_VERSION = 5.0;
				TARGETED_DEVICE_FAMILY = "1,2";
				TEST_HOST = "$(BUILT_PRODUCTS_DIR)/Shopperscalc.app/Shopperscalc";
			};
			name = Debug;
		};
		FD4D9EB227F6ABAD00941EA5 /* Release */ = {
			isa = XCBuildConfiguration;
			buildSettings = {
				ALWAYS_EMBED_SWIFT_STANDARD_LIBRARIES = YES;
				BUNDLE_LOADER = "$(TEST_HOST)";
				CODE_SIGN_STYLE = Automatic;
				CURRENT_PROJECT_VERSION = 1;
				DEVELOPMENT_TEAM = 6BTL57MS6F;
				GENERATE_INFOPLIST_FILE = YES;
				IPHONEOS_DEPLOYMENT_TARGET = 15.4;
				MARKETING_VERSION = 1.0;
				PRODUCT_BUNDLE_IDENTIFIER = alexdiaz.ShopperscalcTests;
				PRODUCT_NAME = "$(TARGET_NAME)";
				SWIFT_EMIT_LOC_STRINGS = NO;
				SWIFT_VERSION = 5.0;
				TARGETED_DEVICE_FAMILY = "1,2";
				TEST_HOST = "$(BUILT_PRODUCTS_DIR)/Shopperscalc.app/Shopperscalc";
			};
			name = Release;
		};
		FD4D9EB427F6ABAD00941EA5 /* Debug */ = {
			isa = XCBuildConfiguration;
			buildSettings = {
				ALWAYS_EMBED_SWIFT_STANDARD_LIBRARIES = YES;
				CODE_SIGN_STYLE = Automatic;
				CURRENT_PROJECT_VERSION = 1;
				DEVELOPMENT_TEAM = 6BTL57MS6F;
				GENERATE_INFOPLIST_FILE = YES;
				MARKETING_VERSION = 1.0;
				PRODUCT_BUNDLE_IDENTIFIER = alexdiaz.ShopperscalcUITests;
				PRODUCT_NAME = "$(TARGET_NAME)";
				SWIFT_EMIT_LOC_STRINGS = NO;
				SWIFT_VERSION = 5.0;
				TARGETED_DEVICE_FAMILY = "1,2";
				TEST_TARGET_NAME = Shopperscalc;
			};
			name = Debug;
		};
		FD4D9EB527F6ABAD00941EA5 /* Release */ = {
			isa = XCBuildConfiguration;
			buildSettings = {
				ALWAYS_EMBED_SWIFT_STANDARD_LIBRARIES = YES;
				CODE_SIGN_STYLE = Automatic;
				CURRENT_PROJECT_VERSION = 1;
				DEVELOPMENT_TEAM = 6BTL57MS6F;
				GENERATE_INFOPLIST_FILE = YES;
				MARKETING_VERSION = 1.0;
				PRODUCT_BUNDLE_IDENTIFIER = alexdiaz.ShopperscalcUITests;
				PRODUCT_NAME = "$(TARGET_NAME)";
				SWIFT_EMIT_LOC_STRINGS = NO;
				SWIFT_VERSION = 5.0;
				TARGETED_DEVICE_FAMILY = "1,2";
				TEST_TARGET_NAME = Shopperscalc;
			};
			name = Release;
		};
/* End XCBuildConfiguration section */

/* Begin XCConfigurationList section */
		FD4D9E8427F6ABAC00941EA5 /* Build configuration list for PBXProject "Shopperscalc" */ = {
			isa = XCConfigurationList;
			buildConfigurations = (
				FD4D9EAB27F6ABAD00941EA5 /* Debug */,
				FD4D9EAC27F6ABAD00941EA5 /* Release */,
			);
			defaultConfigurationIsVisible = 0;
			defaultConfigurationName = Release;
		};
		FD4D9EAD27F6ABAD00941EA5 /* Build configuration list for PBXNativeTarget "Shopperscalc" */ = {
			isa = XCConfigurationList;
			buildConfigurations = (
				FD4D9EAE27F6ABAD00941EA5 /* Debug */,
				FD4D9EAF27F6ABAD00941EA5 /* Release */,
			);
			defaultConfigurationIsVisible = 0;
			defaultConfigurationName = Release;
		};
		FD4D9EB027F6ABAD00941EA5 /* Build configuration list for PBXNativeTarget "ShopperscalcTests" */ = {
			isa = XCConfigurationList;
			buildConfigurations = (
				FD4D9EB127F6ABAD00941EA5 /* Debug */,
				FD4D9EB227F6ABAD00941EA5 /* Release */,
			);
			defaultConfigurationIsVisible = 0;
			defaultConfigurationName = Release;
		};
		FD4D9EB327F6ABAD00941EA5 /* Build configuration list for PBXNativeTarget "ShopperscalcUITests" */ = {
			isa = XCConfigurationList;
			buildConfigurations = (
				FD4D9EB427F6ABAD00941EA5 /* Debug */,
				FD4D9EB527F6ABAD00941EA5 /* Release */,
			);
			defaultConfigurationIsVisible = 0;
			defaultConfigurationName = Release;
		};
/* End XCConfigurationList section */

/* Begin XCVersionGroup section */
		FDB9E9062835F57C00AECA5C /* Calculations.xcdatamodeld */ = {
			isa = XCVersionGroup;
			children = (
				FD900077285EC87D00E03DF6 /* Calculations 3.xcdatamodel */,
				FDE2812D284D55D100FD1157 /* Calculations 2.xcdatamodel */,
				FDB9E9072835F57C00AECA5C /* Calculations1.xcdatamodel */,
			);
			currentVersion = FD900077285EC87D00E03DF6 /* Calculations 3.xcdatamodel */;
			path = Calculations.xcdatamodeld;
			sourceTree = "<group>";
			versionGroupType = wrapper.xcdatamodel;
		};
/* End XCVersionGroup section */
	};
	rootObject = FD4D9E8127F6ABAC00941EA5 /* Project object */;
}
